
Microsoft Visual Studio Solution File, Format Version 12.00
# Visual Studio Version 17
VisualStudioVersion = 17.9.34622.214
MinimumVisualStudioVersion = 10.0.40219.1
Project("{FAE04EC0-301F-11D3-BF4B-00C04F79EFBC}") = "PrioritySearchProgram", "PrioritySearchProgram.csproj", "{40F224DC-6F27-458E-B221-ACC4242684A2}"
EndProject
Global
	GlobalSection(SolutionConfigurationPlatforms) = preSolution
		Debug|Any CPU = Debug|Any CPU
		Release|Any CPU = Release|Any CPU
	EndGlobalSection
	GlobalSection(ProjectConfigurationPlatforms) = postSolution
		{40F224DC-6F27-458E-B221-ACC4242684A2}.Debug|Any CPU.ActiveCfg = Debug|Any CPU
		{40F224DC-6F27-458E-B221-ACC4242684A2}.Debug|Any CPU.Build.0 = Debug|Any CPU
		{40F224DC-6F27-458E-B221-ACC4242684A2}.Release|Any CPU.ActiveCfg = Release|Any CPU
		{40F224DC-6F27-458E-B221-ACC4242684A2}.Release|Any CPU.Build.0 = Release|Any CPU
	EndGlobalSection
	GlobalSection(SolutionProperties) = preSolution
		HideSolutionNode = FALSE
	EndGlobalSection
	GlobalSection(ExtensibilityGlobals) = postSolution
		SolutionGuid = {5B853210-CF6B-44F2-92D3-EB791398E206}
	EndGlobalSection
EndGlobal
